<Solution>
  <Folder Name="/Solution Items/">
    <File Path=".editorconfig" />
    <File Path="Directory.Build.props" />
    <File Path="Directory.Packages.props" />
  </Folder>
  <Folder Name="/src/">
    <Project Path="src/RichillCapital.SharedKernel/RichillCapital.SharedKernel.csproj" />
  </Folder>
  <Folder Name="/tests/">
    <Project Path="tests/RichillCapital.SharedKernel.UnitTests/RichillCapital.SharedKernel.UnitTests.csproj" />
  </Folder>
</Solution>
