
Microsoft Visual Studio Solution File, Format Version 12.00
# Visual Studio Version 17
VisualStudioVersion = 17.0.31903.59
MinimumVisualStudioVersion = 10.0.40219.1
Project("{2150E333-8FDC-42A3-9474-1A3956D46DE8}") = "src", "src", "{E90C98B4-C872-4F74-A5CC-1EDD17EB5846}"
EndProject
Project("{9A19103F-16F7-4668-BE54-9A1E7A4F7556}") = "RichillCapital.SharedKernel", "src\RichillCapital.SharedKernel\RichillCapital.SharedKernel.csproj", "{72ADE5E9-5D01-44DE-809E-F965250C7271}"
EndProject
Project("{2150E333-8FDC-42A3-9474-1A3956D46DE8}") = "tests", "tests", "{CFD04015-08F2-48CA-9A0E-5EDC390F30D2}"
EndProject
Project("{9A19103F-16F7-4668-BE54-9A1E7A4F7556}") = "RichillCapital.SharedKernel.UnitTests", "tests\RichillCapital.SharedKernel.UnitTests\RichillCapital.SharedKernel.UnitTests.csproj", "{10702435-5EA2-4761-AE0F-D4476AE9CFCE}"
EndProject
Project("{2150E333-8FDC-42A3-9474-1A3956D46DE8}") = "Solution Items", "Solution Items", "{113083B8-3B71-44E6-B27F-E5F5BFC990A4}"
	ProjectSection(SolutionItems) = preProject
		.editorconfig = .editorconfig
		Directory.Build.props = Directory.Build.props
		Directory.Packages.props = Directory.Packages.props
	EndProjectSection
EndProject
Global
	GlobalSection(SolutionConfigurationPlatforms) = preSolution
		Debug|Any CPU = Debug|Any CPU
		Release|Any CPU = Release|Any CPU
	EndGlobalSection
	GlobalSection(ProjectConfigurationPlatforms) = postSolution
		{72ADE5E9-5D01-44DE-809E-F965250C7271}.Debug|Any CPU.ActiveCfg = Debug|Any CPU
		{72ADE5E9-5D01-44DE-809E-F965250C7271}.Debug|Any CPU.Build.0 = Debug|Any CPU
		{72ADE5E9-5D01-44DE-809E-F965250C7271}.Release|Any CPU.ActiveCfg = Release|Any CPU
		{72ADE5E9-5D01-44DE-809E-F965250C7271}.Release|Any CPU.Build.0 = Release|Any CPU
		{10702435-5EA2-4761-AE0F-D4476AE9CFCE}.Debug|Any CPU.ActiveCfg = Debug|Any CPU
		{10702435-5EA2-4761-AE0F-D4476AE9CFCE}.Debug|Any CPU.Build.0 = Debug|Any CPU
		{10702435-5EA2-4761-AE0F-D4476AE9CFCE}.Release|Any CPU.ActiveCfg = Release|Any CPU
		{10702435-5EA2-4761-AE0F-D4476AE9CFCE}.Release|Any CPU.Build.0 = Release|Any CPU
	EndGlobalSection
	GlobalSection(SolutionProperties) = preSolution
		HideSolutionNode = FALSE
	EndGlobalSection
	GlobalSection(NestedProjects) = preSolution
		{72ADE5E9-5D01-44DE-809E-F965250C7271} = {E90C98B4-C872-4F74-A5CC-1EDD17EB5846}
		{10702435-5EA2-4761-AE0F-D4476AE9CFCE} = {CFD04015-08F2-48CA-9A0E-5EDC390F30D2}
	EndGlobalSection
	GlobalSection(ExtensibilityGlobals) = postSolution
		SolutionGuid = {0E86F5B6-6574-44F6-801F-C721716D520E}
	EndGlobalSection
EndGlobal
